
Microsoft Visual Studio Solution File, Format Version 12.00
# Visual Studio 15
VisualStudioVersion = 15.0.27703.2047
MinimumVisualStudioVersion = 10.0.40219.1
Project("{FAE04EC0-301F-11D3-BF4B-00C04F79EFBC}") = "WebApplication2", "WebApplication2\WebApplication2.csproj", "{476ADDA1-46BA-4FBB-800F-44876739760A}"
EndProject
Global
	GlobalSection(SolutionConfigurationPlatforms) = preSolution
		Debug|Any CPU = Debug|Any CPU
		Release|Any CPU = Release|Any CPU
	EndGlobalSection
	GlobalSection(ProjectConfigurationPlatforms) = postSolution
		{476ADDA1-46BA-4FBB-800F-44876739760A}.Debug|Any CPU.ActiveCfg = Debug|Any CPU
		{476ADDA1-46BA-4FBB-800F-44876739760A}.Debug|Any CPU.Build.0 = Debug|Any CPU
		{476ADDA1-46BA-4FBB-800F-44876739760A}.Release|Any CPU.ActiveCfg = Release|Any CPU
		{476ADDA1-46BA-4FBB-800F-44876739760A}.Release|Any CPU.Build.0 = Release|Any CPU
	EndGlobalSection
	GlobalSection(SolutionProperties) = preSolution
		HideSolutionNode = FALSE
	EndGlobalSection
	GlobalSection(ExtensibilityGlobals) = postSolution
		SolutionGuid = {438E8199-017F-4D6F-9F76-7D643822E3E5}
	EndGlobalSection
EndGlobal
